
Microsoft Visual Studio Solution File, Format Version 12.00
# Visual Studio Version 17
VisualStudioVersion = 17.3.32929.385
MinimumVisualStudioVersion = 10.0.40219.1
Project("{FAE04EC0-301F-11D3-BF4B-00C04F79EFBC}") = "quiz1", "quiz1\quiz1.csproj", "{D198D450-6249-4C53-8694-3E89B961EF12}"
EndProject
Global
	GlobalSection(SolutionConfigurationPlatforms) = preSolution
		Debug|Any CPU = Debug|Any CPU
		Release|Any CPU = Release|Any CPU
	EndGlobalSection
	GlobalSection(ProjectConfigurationPlatforms) = postSolution
		{D198D450-6249-4C53-8694-3E89B961EF12}.Debug|Any CPU.ActiveCfg = Debug|Any CPU
		{D198D450-6249-4C53-8694-3E89B961EF12}.Debug|Any CPU.Build.0 = Debug|Any CPU
		{D198D450-6249-4C53-8694-3E89B961EF12}.Release|Any CPU.ActiveCfg = Release|Any CPU
		{D198D450-6249-4C53-8694-3E89B961EF12}.Release|Any CPU.Build.0 = Release|Any CPU
	EndGlobalSection
	GlobalSection(SolutionProperties) = preSolution
		HideSolutionNode = FALSE
	EndGlobalSection
	GlobalSection(ExtensibilityGlobals) = postSolution
		SolutionGuid = {81F6BEA1-C549-47A2-A9D8-95B85361B1C7}
	EndGlobalSection
EndGlobal
